// !$*UTF8*$!
{
	archiveVersion = 1;
	classes = {
	};
	objectVersion = 56;
	objects = {

/* Begin PBXBuildFile section */
		A2664A0B2C1831F800DD2D8E /* Gemini_AiApp.swift in Sources */ = {isa = PBXBuildFile; fileRef = A2664A0A2C1831F800DD2D8E /* Gemini_AiApp.swift */; };
		A2664A0D2C1831F800DD2D8E /* ContentView.swift in Sources */ = {isa = PBXBuildFile; fileRef = A2664A0C2C1831F800DD2D8E /* ContentView.swift */; };
		A2664A0F2C1831F800DD2D8E /* Assets.xcassets in Resources */ = {isa = PBXBuildFile; fileRef = A2664A0E2C1831F800DD2D8E /* Assets.xcassets */; };
		A2664A122C1831F800DD2D8E /* Preview Assets.xcassets in Resources */ = {isa = PBXBuildFile; fileRef = A2664A112C1831F800DD2D8E /* Preview Assets.xcassets */; };
		A2664A192C1836E900DD2D8E /* Generative-Ai.plist in Resources */ = {isa = PBXBuildFile; fileRef = A2664A182C1836E900DD2D8E /* Generative-Ai.plist */; };
		A2664A1B2C1837E300DD2D8E /* ApiKey.swift in Sources */ = {isa = PBXBuildFile; fileRef = A2664A1A2C1837E300DD2D8E /* ApiKey.swift */; };
		A2664A1E2C183A1900DD2D8E /* GoogleGenerativeAI in Frameworks */ = {isa = PBXBuildFile; productRef = A2664A1D2C183A1900DD2D8E /* GoogleGenerativeAI */; };
		A2A46CC42C2A887400391203 /* History.swift in Sources */ = {isa = PBXBuildFile; fileRef = A2A46CC32C2A887400391203 /* History.swift */; };
/* End PBXBuildFile section */

/* Begin PBXFileReference section */
		A2664A072C1831F800DD2D8E /* Gemini Ai.app */ = {isa = PBXFileReference; explicitFileType = wrapper.application; includeInIndex = 0; path = "Gemini Ai.app"; sourceTree = BUILT_PRODUCTS_DIR; };
		A2664A0A2C1831F800DD2D8E /* Gemini_AiApp.swift */ = {isa = PBXFileReference; lastKnownFileType = sourcecode.swift; path = Gemini_AiApp.swift; sourceTree = "<group>"; };
		A2664A0C2C1831F800DD2D8E /* ContentView.swift */ = {isa = PBXFileReference; lastKnownFileType = sourcecode.swift; path = ContentView.swift; sourceTree = "<group>"; };
		A2664A0E2C1831F800DD2D8E /* Assets.xcassets */ = {isa = PBXFileReference; lastKnownFileType = folder.assetcatalog; path = Assets.xcassets; sourceTree = "<group>"; };
		A2664A112C1831F800DD2D8E /* Preview Assets.xcassets */ = {isa = PBXFileReference; lastKnownFileType = folder.assetcatalog; path = "Preview Assets.xcassets"; sourceTree = "<group>"; };
		A2664A182C1836E900DD2D8E /* Generative-Ai.plist */ = {isa = PBXFileReference; lastKnownFileType = text.plist.xml; path = "Generative-Ai.plist"; sourceTree = "<group>"; };
		A2664A1A2C1837E300DD2D8E /* ApiKey.swift */ = {isa = PBXFileReference; lastKnownFileType = sourcecode.swift; path = ApiKey.swift; sourceTree = "<group>"; };
		A2A46CC32C2A887400391203 /* History.swift */ = {isa = PBXFileReference; lastKnownFileType = sourcecode.swift; path = History.swift; sourceTree = "<group>"; };
/* End PBXFileReference section */

/* Begin PBXFrameworksBuildPhase section */
		A2664A042C1831F800DD2D8E /* Frameworks */ = {
			isa = PBXFrameworksBuildPhase;
			buildActionMask = 2147483647;
			files = (
				A2664A1E2C183A1900DD2D8E /* GoogleGenerativeAI in Frameworks */,
			);
			runOnlyForDeploymentPostprocessing = 0;
		};
/* End PBXFrameworksBuildPhase section */

/* Begin PBXGroup section */
		A26649FE2C1831F800DD2D8E = {
			isa = PBXGroup;
			children = (
				A2664A092C1831F800DD2D8E /* Gemini Ai */,
				A2664A082C1831F800DD2D8E /* Products */,
			);
			sourceTree = "<group>";
		};
		A2664A082C1831F800DD2D8E /* Products */ = {
			isa = PBXGroup;
			children = (
				A2664A072C1831F800DD2D8E /* Gemini Ai.app */,
			);
			name = Products;
			sourceTree = "<group>";
		};
		A2664A092C1831F800DD2D8E /* Gemini Ai */ = {
			isa = PBXGroup;
			children = (
				A2664A0A2C1831F800DD2D8E /* Gemini_AiApp.swift */,
				A2664A1A2C1837E300DD2D8E /* ApiKey.swift */,
				A2664A182C1836E900DD2D8E /* Generative-Ai.plist */,
				A2664A0C2C1831F800DD2D8E /* ContentView.swift */,
				A2664A0E2C1831F800DD2D8E /* Assets.xcassets */,
				A2664A102C1831F800DD2D8E /* Preview Content */,
				A2A46CC32C2A887400391203 /* History.swift */,
			);
			path = "Gemini Ai";
			sourceTree = "<group>";
		};
		A2664A102C1831F800DD2D8E /* Preview Content */ = {
			isa = PBXGroup;
			children = (
				A2664A112C1831F800DD2D8E /* Preview Assets.xcassets */,
			);
			path = "Preview Content";
			sourceTree = "<group>";
		};
/* End PBXGroup section */

/* Begin PBXNativeTarget section */
		A2664A062C1831F800DD2D8E /* Gemini Ai */ = {
			isa = PBXNativeTarget;
			buildConfigurationList = A2664A152C1831F800DD2D8E /* Build configuration list for PBXNativeTarget "Gemini Ai" */;
			buildPhases = (
				A2664A032C1831F800DD2D8E /* Sources */,
				A2664A042C1831F800DD2D8E /* Frameworks */,
				A2664A052C1831F800DD2D8E /* Resources */,
			);
			buildRules = (
			);
			dependencies = (
			);
			name = "Gemini Ai";
			packageProductDependencies = (
				A2664A1D2C183A1900DD2D8E /* GoogleGenerativeAI */,
			);
			productName = "Gemini Ai";
			productReference = A2664A072C1831F800DD2D8E /* Gemini Ai.app */;
			productType = "com.apple.product-type.application";
		};
/* End PBXNativeTarget section */

/* Begin PBXProject section */
		A26649FF2C1831F800DD2D8E /* Project object */ = {
			isa = PBXProject;
			attributes = {
				BuildIndependentTargetsInParallel = 1;
				LastSwiftUpdateCheck = 1430;
				LastUpgradeCheck = 1430;
				TargetAttributes = {
					A2664A062C1831F800DD2D8E = {
						CreatedOnToolsVersion = 14.3.1;
					};
				};
			};
			buildConfigurationList = A2664A022C1831F800DD2D8E /* Build configuration list for PBXProject "Gemini Ai" */;
			compatibilityVersion = "Xcode 14.0";
			developmentRegion = en;
			hasScannedForEncodings = 0;
			knownRegions = (
				en,
				Base,
			);
			mainGroup = A26649FE2C1831F800DD2D8E;
			packageReferences = (
				A2664A1C2C183A1900DD2D8E /* XCRemoteSwiftPackageReference "generative-ai-swift" */,
			);
			productRefGroup = A2664A082C1831F800DD2D8E /* Products */;
			projectDirPath = "";
			projectRoot = "";
			targets = (
				A2664A062C1831F800DD2D8E /* Gemini Ai */,
			);
		};
/* End PBXProject section */

/* Begin PBXResourcesBuildPhase section */
		A2664A052C1831F800DD2D8E /* Resources */ = {
			isa = PBXResourcesBuildPhase;
			buildActionMask = 2147483647;
			files = (
				A2664A192C1836E900DD2D8E /* Generative-Ai.plist in Resources */,
				A2664A122C1831F800DD2D8E /* Preview Assets.xcassets in Resources */,
				A2664A0F2C1831F800DD2D8E /* Assets.xcassets in Resources */,
			);
			runOnlyForDeploymentPostprocessing = 0;
		};
/* End PBXResourcesBuildPhase section */

/* Begin PBXSourcesBuildPhase section */
		A2664A032C1831F800DD2D8E /* Sources */ = {
			isa = PBXSourcesBuildPhase;
			buildActionMask = 2147483647;
			files = (
				A2664A0D2C1831F800DD2D8E /* ContentView.swift in Sources */,
				A2664A1B2C1837E300DD2D8E /* ApiKey.swift in Sources */,
				A2A46CC42C2A887400391203 /* History.swift in Sources */,
				A2664A0B2C1831F800DD2D8E /* Gemini_AiApp.swift in Sources */,
			);
			runOnlyForDeploymentPostprocessing = 0;
		};
/* End PBXSourcesBuildPhase section */

/* Begin XCBuildConfiguration section */
		A2664A132C1831F800DD2D8E /* Debug */ = {
			isa = XCBuildConfiguration;
			buildSettings = {
				ALWAYS_SEARCH_USER_PATHS = NO;
				CLANG_ANALYZER_NONNULL = YES;
				CLANG_ANALYZER_NUMBER_OBJECT_CONVERSION = YES_AGGRESSIVE;
				CLANG_CXX_LANGUAGE_STANDARD = "gnu++20";
				CLANG_ENABLE_MODULES = YES;
				CLANG_ENABLE_OBJC_ARC = YES;
				CLANG_ENABLE_OBJC_WEAK = YES;
				CLANG_WARN_BLOCK_CAPTURE_AUTORELEASING = YES;
				CLANG_WARN_BOOL_CONVERSION = YES;
				CLANG_WARN_COMMA = YES;
				CLANG_WARN_CONSTANT_CONVERSION = YES;
				CLANG_WARN_DEPRECATED_OBJC_IMPLEMENTATIONS = YES;
				CLANG_WARN_DIRECT_OBJC_ISA_USAGE = YES_ERROR;
				CLANG_WARN_DOCUMENTATION_COMMENTS = YES;
				CLANG_WARN_EMPTY_BODY = YES;
				CLANG_WARN_ENUM_CONVERSION = YES;
				CLANG_WARN_INFINITE_RECURSION = YES;
				CLANG_WARN_INT_CONVERSION = YES;
				CLANG_WARN_NON_LITERAL_NULL_CONVERSION = YES;
				CLANG_WARN_OBJC_IMPLICIT_RETAIN_SELF = YES;
				CLANG_WARN_OBJC_LITERAL_CONVERSION = YES;
				CLANG_WARN_OBJC_ROOT_CLASS = YES_ERROR;
				CLANG_WARN_QUOTED_INCLUDE_IN_FRAMEWORK_HEADER = YES;
				CLANG_WARN_RANGE_LOOP_ANALYSIS = YES;
				CLANG_WARN_STRICT_PROTOTYPES = YES;
				CLANG_WARN_SUSPICIOUS_MOVE = YES;
				CLANG_WARN_UNGUARDED_AVAILABILITY = YES_AGGRESSIVE;
				CLANG_WARN_UNREACHABLE_CODE = YES;
				CLANG_WARN__DUPLICATE_METHOD_MATCH = YES;
				COPY_PHASE_STRIP = NO;
				DEBUG_INFORMATION_FORMAT = dwarf;
				ENABLE_STRICT_OBJC_MSGSEND = YES;
				ENABLE_TESTABILITY = YES;
				GCC_C_LANGUAGE_STANDARD = gnu11;
				GCC_DYNAMIC_NO_PIC = NO;
				GCC_NO_COMMON_BLOCKS = YES;
				GCC_OPTIMIZATION_LEVEL = 0;
				GCC_PREPROCESSOR_DEFINITIONS = (
					"DEBUG=1",
					"$(inherited)",
				);
				GCC_WARN_64_TO_32_BIT_CONVERSION = YES;
				GCC_WARN_ABOUT_RETURN_TYPE = YES_ERROR;
				GCC_WARN_UNDECLARED_SELECTOR = YES;
				GCC_WARN_UNINITIALIZED_AUTOS = YES_AGGRESSIVE;
				GCC_WARN_UNUSED_FUNCTION = YES;
				GCC_WARN_UNUSED_VARIABLE = YES;
				IPHONEOS_DEPLOYMENT_TARGET = 16.4;
				MTL_ENABLE_DEBUG_INFO = INCLUDE_SOURCE;
				MTL_FAST_MATH = YES;
				ONLY_ACTIVE_ARCH = YES;
				SDKROOT = iphoneos;
				SWIFT_ACTIVE_COMPILATION_CONDITIONS = DEBUG;
				SWIFT_OPTIMIZATION_LEVEL = "-Onone";
			};
			name = Debug;
		};
		A2664A142C1831F800DD2D8E /* Release */ = {
			isa = XCBuildConfiguration;
			buildSettings = {
				ALWAYS_SEARCH_USER_PATHS = NO;
				CLANG_ANALYZER_NONNULL = YES;
				CLANG_ANALYZER_NUMBER_OBJECT_CONVERSION = YES_AGGRESSIVE;
				CLANG_CXX_LANGUAGE_STANDARD = "gnu++20";
				CLANG_ENABLE_MODULES = YES;
				CLANG_ENABLE_OBJC_ARC = YES;
				CLANG_ENABLE_OBJC_WEAK = YES;
				CLANG_WARN_BLOCK_CAPTURE_AUTORELEASING = YES;
				CLANG_WARN_BOOL_CONVERSION = YES;
				CLANG_WARN_COMMA = YES;
				CLANG_WARN_CONSTANT_CONVERSION = YES;
				CLANG_WARN_DEPRECATED_OBJC_IMPLEMENTATIONS = YES;
				CLANG_WARN_DIRECT_OBJC_ISA_USAGE = YES_ERROR;
				CLANG_WARN_DOCUMENTATION_COMMENTS = YES;
				CLANG_WARN_EMPTY_BODY = YES;
				CLANG_WARN_ENUM_CONVERSION = YES;
				CLANG_WARN_INFINITE_RECURSION = YES;
				CLANG_WARN_INT_CONVERSION = YES;
				CLANG_WARN_NON_LITERAL_NULL_CONVERSION = YES;
				CLANG_WARN_OBJC_IMPLICIT_RETAIN_SELF = YES;
				CLANG_WARN_OBJC_LITERAL_CONVERSION = YES;
				CLANG_WARN_OBJC_ROOT_CLASS = YES_ERROR;
				CLANG_WARN_QUOTED_INCLUDE_IN_FRAMEWORK_HEADER = YES;
				CLANG_WARN_RANGE_LOOP_ANALYSIS = YES;
				CLANG_WARN_STRICT_PROTOTYPES = YES;
				CLANG_WARN_SUSPICIOUS_MOVE = YES;
				CLANG_WARN_UNGUARDED_AVAILABILITY = YES_AGGRESSIVE;
				CLANG_WARN_UNREACHABLE_CODE = YES;
				CLANG_WARN__DUPLICATE_METHOD_MATCH = YES;
				COPY_PHASE_STRIP = NO;
				DEBUG_INFORMATION_FORMAT = "dwarf-with-dsym";
				ENABLE_NS_ASSERTIONS = NO;
				ENABLE_STRICT_OBJC_MSGSEND = YES;
				GCC_C_LANGUAGE_STANDARD = gnu11;
				GCC_NO_COMMON_BLOCKS = YES;
				GCC_WARN_64_TO_32_BIT_CONVERSION = YES;
				GCC_WARN_ABOUT_RETURN_TYPE = YES_ERROR;
				GCC_WARN_UNDECLARED_SELECTOR = YES;
				GCC_WARN_UNINITIALIZED_AUTOS = YES_AGGRESSIVE;
				GCC_WARN_UNUSED_FUNCTION = YES;
				GCC_WARN_UNUSED_VARIABLE = YES;
				IPHONEOS_DEPLOYMENT_TARGET = 16.4;
				MTL_ENABLE_DEBUG_INFO = NO;
				MTL_FAST_MATH = YES;
				SDKROOT = iphoneos;
				SWIFT_COMPILATION_MODE = wholemodule;
				SWIFT_OPTIMIZATION_LEVEL = "-O";
				VALIDATE_PRODUCT = YES;
			};
			name = Release;
		};
		A2664A162C1831F800DD2D8E /* Debug */ = {
			isa = XCBuildConfiguration;
			buildSettings = {
				ASSETCATALOG_COMPILER_APPICON_NAME = AppIcon;
				ASSETCATALOG_COMPILER_GLOBAL_ACCENT_COLOR_NAME = AccentColor;
				CODE_SIGN_STYLE = Automatic;
				CURRENT_PROJECT_VERSION = 1;
				DEVELOPMENT_ASSET_PATHS = "\"Gemini Ai/Preview Content\"";
				DEVELOPMENT_TEAM = W37QLU37NF;
				ENABLE_PREVIEWS = YES;
				GENERATE_INFOPLIST_FILE = YES;
				INFOPLIST_KEY_UIApplicationSceneManifest_Generation = YES;
				INFOPLIST_KEY_UIApplicationSupportsIndirectInputEvents = YES;
				INFOPLIST_KEY_UILaunchScreen_Generation = YES;
				INFOPLIST_KEY_UISupportedInterfaceOrientations_iPad = "UIInterfaceOrientationPortrait UIInterfaceOrientationPortraitUpsideDown UIInterfaceOrientationLandscapeLeft UIInterfaceOrientationLandscapeRight";
				INFOPLIST_KEY_UISupportedInterfaceOrientations_iPhone = "UIInterfaceOrientationPortrait UIInterfaceOrientationLandscapeLeft UIInterfaceOrientationLandscapeRight";
				LD_RUNPATH_SEARCH_PATHS = (
					"$(inherited)",
					"@executable_path/Frameworks",
				);
				MARKETING_VERSION = 1.0;
				PRODUCT_BUNDLE_IDENTIFIER = "com.-Twiter.Gemini-Ai";
				PRODUCT_NAME = "$(TARGET_NAME)";
				SWIFT_EMIT_LOC_STRINGS = YES;
				SWIFT_VERSION = 5.0;
				TARGETED_DEVICE_FAMILY = "1,2";
			};
			name = Debug;
		};
		A2664A172C1831F800DD2D8E /* Release */ = {
			isa = XCBuildConfiguration;
			buildSettings = {
				ASSETCATALOG_COMPILER_APPICON_NAME = AppIcon;
				ASSETCATALOG_COMPILER_GLOBAL_ACCENT_COLOR_NAME = AccentColor;
				CODE_SIGN_STYLE = Automatic;
				CURRENT_PROJECT_VERSION = 1;
				DEVELOPMENT_ASSET_PATHS = "\"Gemini Ai/Preview Content\"";
				DEVELOPMENT_TEAM = W37QLU37NF;
				ENABLE_PREVIEWS = YES;
				GENERATE_INFOPLIST_FILE = YES;
				INFOPLIST_KEY_UIApplicationSceneManifest_Generation = YES;
				INFOPLIST_KEY_UIApplicationSupportsIndirectInputEvents = YES;
				INFOPLIST_KEY_UILaunchScreen_Generation = YES;
				INFOPLIST_KEY_UISupportedInterfaceOrientations_iPad = "UIInterfaceOrientationPortrait UIInterfaceOrientationPortraitUpsideDown UIInterfaceOrientationLandscapeLeft UIInterfaceOrientationLandscapeRight";
				INFOPLIST_KEY_UISupportedInterfaceOrientations_iPhone = "UIInterfaceOrientationPortrait UIInterfaceOrientationLandscapeLeft UIInterfaceOrientationLandscapeRight";
				LD_RUNPATH_SEARCH_PATHS = (
					"$(inherited)",
					"@executable_path/Frameworks",
				);
				MARKETING_VERSION = 1.0;
				PRODUCT_BUNDLE_IDENTIFIER = "com.-Twiter.Gemini-Ai";
				PRODUCT_NAME = "$(TARGET_NAME)";
				SWIFT_EMIT_LOC_STRINGS = YES;
				SWIFT_VERSION = 5.0;
				TARGETED_DEVICE_FAMILY = "1,2";
			};
			name = Release;
		};
/* End XCBuildConfiguration section */

/* Begin XCConfigurationList section */
		A2664A022C1831F800DD2D8E /* Build configuration list for PBXProject "Gemini Ai" */ = {
			isa = XCConfigurationList;
			buildConfigurations = (
				A2664A132C1831F800DD2D8E /* Debug */,
				A2664A142C1831F800DD2D8E /* Release */,
			);
			defaultConfigurationIsVisible = 0;
			defaultConfigurationName = Release;
		};
		A2664A152C1831F800DD2D8E /* Build configuration list for PBXNativeTarget "Gemini Ai" */ = {
			isa = XCConfigurationList;
			buildConfigurations = (
				A2664A162C1831F800DD2D8E /* Debug */,
				A2664A172C1831F800DD2D8E /* Release */,
			);
			defaultConfigurationIsVisible = 0;
			defaultConfigurationName = Release;
		};
/* End XCConfigurationList section */

/* Begin XCRemoteSwiftPackageReference section */
		A2664A1C2C183A1900DD2D8E /* XCRemoteSwiftPackageReference "generative-ai-swift" */ = {
			isa = XCRemoteSwiftPackageReference;
			repositoryURL = "https://github.com/google-gemini/generative-ai-swift.git";
			requirement = {
				kind = upToNextMajorVersion;
				minimumVersion = 0.5.4;
			};
		};
/* End XCRemoteSwiftPackageReference section */

/* Begin XCSwiftPackageProductDependency section */
		A2664A1D2C183A1900DD2D8E /* GoogleGenerativeAI */ = {
			isa = XCSwiftPackageProductDependency;
			package = A2664A1C2C183A1900DD2D8E /* XCRemoteSwiftPackageReference "generative-ai-swift" */;
			productName = GoogleGenerativeAI;
		};
/* End XCSwiftPackageProductDependency section */
	};
	rootObject = A26649FF2C1831F800DD2D8E /* Project object */;
}
